
Microsoft Visual Studio Solution File, Format Version 12.00
# Visual Studio 14
VisualStudioVersion = 14.0.25420.1
MinimumVisualStudioVersion = 10.0.40219.1
Project("{FAE04EC0-301F-11D3-BF4B-00C04F79EFBC}") = "App3", "App3\App3\App3.csproj", "{3CF8EA8E-B9D8-43EE-A31B-55AE4C46AC16}"
EndProject
Project("{FAE04EC0-301F-11D3-BF4B-00C04F79EFBC}") = "App3.Droid", "App3\App3.Droid\App3.Droid.csproj", "{D21EAA19-8BA6-43E7-A0A8-33CAFF52A567}"
EndProject
Project("{FAE04EC0-301F-11D3-BF4B-00C04F79EFBC}") = "App3.iOS", "App3\App3.iOS\App3.iOS.csproj", "{38B327D1-537D-48B8-8B19-6EF5DF626EC9}"
EndProject
Project("{FAE04EC0-301F-11D3-BF4B-00C04F79EFBC}") = "App3.WinPhone", "App3\App3.WinPhone\App3.WinPhone.csproj", "{9AAAF32F-F6FB-41A0-B943-78D7C2B168C0}"
EndProject
Project("{FAE04EC0-301F-11D3-BF4B-00C04F79EFBC}") = "App3.UWP", "App3\App3.UWP\App3.UWP.csproj", "{AD24A8CB-2EEE-4814-BE27-76F02DAA5053}"
EndProject
Project("{FAE04EC0-301F-11D3-BF4B-00C04F79EFBC}") = "App3.Windows", "App3\App3.Windows\App3.Windows.csproj", "{3F674F65-76BF-410A-9292-402CEFF10351}"
EndProject
Global
	GlobalSection(SolutionConfigurationPlatforms) = preSolution
		Ad-Hoc|Any CPU = Ad-Hoc|Any CPU
		Ad-Hoc|ARM = Ad-Hoc|ARM
		Ad-Hoc|iPhone = Ad-Hoc|iPhone
		Ad-Hoc|iPhoneSimulator = Ad-Hoc|iPhoneSimulator
		Ad-Hoc|x64 = Ad-Hoc|x64
		Ad-Hoc|x86 = Ad-Hoc|x86
		AppStore|Any CPU = AppStore|Any CPU
		AppStore|ARM = AppStore|ARM
		AppStore|iPhone = AppStore|iPhone
		AppStore|iPhoneSimulator = AppStore|iPhoneSimulator
		AppStore|x64 = AppStore|x64
		AppStore|x86 = AppStore|x86
		Debug|Any CPU = Debug|Any CPU
		Debug|ARM = Debug|ARM
		Debug|iPhone = Debug|iPhone
		Debug|iPhoneSimulator = Debug|iPhoneSimulator
		Debug|x64 = Debug|x64
		Debug|x86 = Debug|x86
		Release|Any CPU = Release|Any CPU
		Release|ARM = Release|ARM
		Release|iPhone = Release|iPhone
		Release|iPhoneSimulator = Release|iPhoneSimulator
		Release|x64 = Release|x64
		Release|x86 = Release|x86
	EndGlobalSection
	GlobalSection(ProjectConfigurationPlatforms) = postSolution
		{3CF8EA8E-B9D8-43EE-A31B-55AE4C46AC16}.Ad-Hoc|Any CPU.ActiveCfg = Release|Any CPU
		{3CF8EA8E-B9D8-43EE-A31B-55AE4C46AC16}.Ad-Hoc|Any CPU.Build.0 = Release|Any CPU
		{3CF8EA8E-B9D8-43EE-A31B-55AE4C46AC16}.Ad-Hoc|ARM.ActiveCfg = Release|Any CPU
		{3CF8EA8E-B9D8-43EE-A31B-55AE4C46AC16}.Ad-Hoc|ARM.Build.0 = Release|Any CPU
		{3CF8EA8E-B9D8-43EE-A31B-55AE4C46AC16}.Ad-Hoc|iPhone.ActiveCfg = Release|Any CPU
		{3CF8EA8E-B9D8-43EE-A31B-55AE4C46AC16}.Ad-Hoc|iPhone.Build.0 = Release|Any CPU
		{3CF8EA8E-B9D8-43EE-A31B-55AE4C46AC16}.Ad-Hoc|iPhoneSimulator.ActiveCfg = Release|Any CPU
		{3CF8EA8E-B9D8-43EE-A31B-55AE4C46AC16}.Ad-Hoc|iPhoneSimulator.Build.0 = Release|Any CPU
		{3CF8EA8E-B9D8-43EE-A31B-55AE4C46AC16}.Ad-Hoc|x64.ActiveCfg = Release|Any CPU
		{3CF8EA8E-B9D8-43EE-A31B-55AE4C46AC16}.Ad-Hoc|x64.Build.0 = Release|Any CPU
		{3CF8EA8E-B9D8-43EE-A31B-55AE4C46AC16}.Ad-Hoc|x86.ActiveCfg = Release|Any CPU
		{3CF8EA8E-B9D8-43EE-A31B-55AE4C46AC16}.Ad-Hoc|x86.Build.0 = Release|Any CPU
		{3CF8EA8E-B9D8-43EE-A31B-55AE4C46AC16}.AppStore|Any CPU.ActiveCfg = Release|Any CPU
		{3CF8EA8E-B9D8-43EE-A31B-55AE4C46AC16}.AppStore|Any CPU.Build.0 = Release|Any CPU
		{3CF8EA8E-B9D8-43EE-A31B-55AE4C46AC16}.AppStore|ARM.ActiveCfg = Release|Any CPU
		{3CF8EA8E-B9D8-43EE-A31B-55AE4C46AC16}.AppStore|ARM.Build.0 = Release|Any CPU
		{3CF8EA8E-B9D8-43EE-A31B-55AE4C46AC16}.AppStore|iPhone.ActiveCfg = Release|Any CPU
		{3CF8EA8E-B9D8-43EE-A31B-55AE4C46AC16}.AppStore|iPhone.Build.0 = Release|Any CPU
		{3CF8EA8E-B9D8-43EE-A31B-55AE4C46AC16}.AppStore|iPhoneSimulator.ActiveCfg = Release|Any CPU
		{3CF8EA8E-B9D8-43EE-A31B-55AE4C46AC16}.AppStore|iPhoneSimulator.Build.0 = Release|Any CPU
		{3CF8EA8E-B9D8-43EE-A31B-55AE4C46AC16}.AppStore|x64.ActiveCfg = Release|Any CPU
		{3CF8EA8E-B9D8-43EE-A31B-55AE4C46AC16}.AppStore|x64.Build.0 = Release|Any CPU
		{3CF8EA8E-B9D8-43EE-A31B-55AE4C46AC16}.AppStore|x86.ActiveCfg = Release|Any CPU
		{3CF8EA8E-B9D8-43EE-A31B-55AE4C46AC16}.AppStore|x86.Build.0 = Release|Any CPU
		{3CF8EA8E-B9D8-43EE-A31B-55AE4C46AC16}.Debug|Any CPU.ActiveCfg = Debug|Any CPU
		{3CF8EA8E-B9D8-43EE-A31B-55AE4C46AC16}.Debug|Any CPU.Build.0 = Debug|Any CPU
		{3CF8EA8E-B9D8-43EE-A31B-55AE4C46AC16}.Debug|ARM.ActiveCfg = Debug|Any CPU
		{3CF8EA8E-B9D8-43EE-A31B-55AE4C46AC16}.Debug|ARM.Build.0 = Debug|Any CPU
		{3CF8EA8E-B9D8-43EE-A31B-55AE4C46AC16}.Debug|iPhone.ActiveCfg = Debug|Any CPU
		{3CF8EA8E-B9D8-43EE-A31B-55AE4C46AC16}.Debug|iPhone.Build.0 = Debug|Any CPU
		{3CF8EA8E-B9D8-43EE-A31B-55AE4C46AC16}.Debug|iPhoneSimulator.ActiveCfg = Debug|Any CPU
		{3CF8EA8E-B9D8-43EE-A31B-55AE4C46AC16}.Debug|iPhoneSimulator.Build.0 = Debug|Any CPU
		{3CF8EA8E-B9D8-43EE-A31B-55AE4C46AC16}.Debug|x64.ActiveCfg = Debug|Any CPU
		{3CF8EA8E-B9D8-43EE-A31B-55AE4C46AC16}.Debug|x64.Build.0 = Debug|Any CPU
		{3CF8EA8E-B9D8-43EE-A31B-55AE4C46AC16}.Debug|x86.ActiveCfg = Debug|Any CPU
		{3CF8EA8E-B9D8-43EE-A31B-55AE4C46AC16}.Debug|x86.Build.0 = Debug|Any CPU
		{3CF8EA8E-B9D8-43EE-A31B-55AE4C46AC16}.Release|Any CPU.ActiveCfg = Release|Any CPU
		{3CF8EA8E-B9D8-43EE-A31B-55AE4C46AC16}.Release|Any CPU.Build.0 = Release|Any CPU
		{3CF8EA8E-B9D8-43EE-A31B-55AE4C46AC16}.Release|ARM.ActiveCfg = Release|Any CPU
		{3CF8EA8E-B9D8-43EE-A31B-55AE4C46AC16}.Release|ARM.Build.0 = Release|Any CPU
		{3CF8EA8E-B9D8-43EE-A31B-55AE4C46AC16}.Release|iPhone.ActiveCfg = Release|Any CPU
		{3CF8EA8E-B9D8-43EE-A31B-55AE4C46AC16}.Release|iPhone.Build.0 = Release|Any CPU
		{3CF8EA8E-B9D8-43EE-A31B-55AE4C46AC16}.Release|iPhoneSimulator.ActiveCfg = Release|Any CPU
		{3CF8EA8E-B9D8-43EE-A31B-55AE4C46AC16}.Release|iPhoneSimulator.Build.0 = Release|Any CPU
		{3CF8EA8E-B9D8-43EE-A31B-55AE4C46AC16}.Release|x64.ActiveCfg = Release|Any CPU
		{3CF8EA8E-B9D8-43EE-A31B-55AE4C46AC16}.Release|x64.Build.0 = Release|Any CPU
		{3CF8EA8E-B9D8-43EE-A31B-55AE4C46AC16}.Release|x86.ActiveCfg = Release|Any CPU
		{3CF8EA8E-B9D8-43EE-A31B-55AE4C46AC16}.Release|x86.Build.0 = Release|Any CPU
		{D21EAA19-8BA6-43E7-A0A8-33CAFF52A567}.Ad-Hoc|Any CPU.ActiveCfg = Release|Any CPU
		{D21EAA19-8BA6-43E7-A0A8-33CAFF52A567}.Ad-Hoc|Any CPU.Build.0 = Release|Any CPU
		{D21EAA19-8BA6-43E7-A0A8-33CAFF52A567}.Ad-Hoc|Any CPU.Deploy.0 = Release|Any CPU
		{D21EAA19-8BA6-43E7-A0A8-33CAFF52A567}.Ad-Hoc|ARM.ActiveCfg = Release|Any CPU
		{D21EAA19-8BA6-43E7-A0A8-33CAFF52A567}.Ad-Hoc|ARM.Build.0 = Release|Any CPU
		{D21EAA19-8BA6-43E7-A0A8-33CAFF52A567}.Ad-Hoc|ARM.Deploy.0 = Release|Any CPU
		{D21EAA19-8BA6-43E7-A0A8-33CAFF52A567}.Ad-Hoc|iPhone.ActiveCfg = Release|Any CPU
		{D21EAA19-8BA6-43E7-A0A8-33CAFF52A567}.Ad-Hoc|iPhone.Build.0 = Release|Any CPU
		{D21EAA19-8BA6-43E7-A0A8-33CAFF52A567}.Ad-Hoc|iPhone.Deploy.0 = Release|Any CPU
		{D21EAA19-8BA6-43E7-A0A8-33CAFF52A567}.Ad-Hoc|iPhoneSimulator.ActiveCfg = Release|Any CPU
		{D21EAA19-8BA6-43E7-A0A8-33CAFF52A567}.Ad-Hoc|iPhoneSimulator.Build.0 = Release|Any CPU
		{D21EAA19-8BA6-43E7-A0A8-33CAFF52A567}.Ad-Hoc|iPhoneSimulator.Deploy.0 = Release|Any CPU
		{D21EAA19-8BA6-43E7-A0A8-33CAFF52A567}.Ad-Hoc|x64.ActiveCfg = Release|Any CPU
		{D21EAA19-8BA6-43E7-A0A8-33CAFF52A567}.Ad-Hoc|x64.Build.0 = Release|Any CPU
		{D21EAA19-8BA6-43E7-A0A8-33CAFF52A567}.Ad-Hoc|x64.Deploy.0 = Release|Any CPU
		{D21EAA19-8BA6-43E7-A0A8-33CAFF52A567}.Ad-Hoc|x86.ActiveCfg = Release|Any CPU
		{D21EAA19-8BA6-43E7-A0A8-33CAFF52A567}.Ad-Hoc|x86.Build.0 = Release|Any CPU
		{D21EAA19-8BA6-43E7-A0A8-33CAFF52A567}.Ad-Hoc|x86.Deploy.0 = Release|Any CPU
		{D21EAA19-8BA6-43E7-A0A8-33CAFF52A567}.AppStore|Any CPU.ActiveCfg = Release|Any CPU
		{D21EAA19-8BA6-43E7-A0A8-33CAFF52A567}.AppStore|Any CPU.Build.0 = Release|Any CPU
		{D21EAA19-8BA6-43E7-A0A8-33CAFF52A567}.AppStore|Any CPU.Deploy.0 = Release|Any CPU
		{D21EAA19-8BA6-43E7-A0A8-33CAFF52A567}.AppStore|ARM.ActiveCfg = Release|Any CPU
		{D21EAA19-8BA6-43E7-A0A8-33CAFF52A567}.AppStore|ARM.Build.0 = Release|Any CPU
		{D21EAA19-8BA6-43E7-A0A8-33CAFF52A567}.AppStore|ARM.Deploy.0 = Release|Any CPU
		{D21EAA19-8BA6-43E7-A0A8-33CAFF52A567}.AppStore|iPhone.ActiveCfg = Release|Any CPU
		{D21EAA19-8BA6-43E7-A0A8-33CAFF52A567}.AppStore|iPhone.Build.0 = Release|Any CPU
		{D21EAA19-8BA6-43E7-A0A8-33CAFF52A567}.AppStore|iPhone.Deploy.0 = Release|Any CPU
		{D21EAA19-8BA6-43E7-A0A8-33CAFF52A567}.AppStore|iPhoneSimulator.ActiveCfg = Release|Any CPU
		{D21EAA19-8BA6-43E7-A0A8-33CAFF52A567}.AppStore|iPhoneSimulator.Build.0 = Release|Any CPU
		{D21EAA19-8BA6-43E7-A0A8-33CAFF52A567}.AppStore|iPhoneSimulator.Deploy.0 = Release|Any CPU
		{D21EAA19-8BA6-43E7-A0A8-33CAFF52A567}.AppStore|x64.ActiveCfg = Release|Any CPU
		{D21EAA19-8BA6-43E7-A0A8-33CAFF52A567}.AppStore|x64.Build.0 = Release|Any CPU
		{D21EAA19-8BA6-43E7-A0A8-33CAFF52A567}.AppStore|x64.Deploy.0 = Release|Any CPU
		{D21EAA19-8BA6-43E7-A0A8-33CAFF52A567}.AppStore|x86.ActiveCfg = Release|Any CPU
		{D21EAA19-8BA6-43E7-A0A8-33CAFF52A567}.AppStore|x86.Build.0 = Release|Any CPU
		{D21EAA19-8BA6-43E7-A0A8-33CAFF52A567}.AppStore|x86.Deploy.0 = Release|Any CPU
		{D21EAA19-8BA6-43E7-A0A8-33CAFF52A567}.Debug|Any CPU.ActiveCfg = Debug|Any CPU
		{D21EAA19-8BA6-43E7-A0A8-33CAFF52A567}.Debug|Any CPU.Build.0 = Debug|Any CPU
		{D21EAA19-8BA6-43E7-A0A8-33CAFF52A567}.Debug|Any CPU.Deploy.0 = Debug|Any CPU
		{D21EAA19-8BA6-43E7-A0A8-33CAFF52A567}.Debug|ARM.ActiveCfg = Debug|Any CPU
		{D21EAA19-8BA6-43E7-A0A8-33CAFF52A567}.Debug|ARM.Build.0 = Debug|Any CPU
		{D21EAA19-8BA6-43E7-A0A8-33CAFF52A567}.Debug|ARM.Deploy.0 = Debug|Any CPU
		{D21EAA19-8BA6-43E7-A0A8-33CAFF52A567}.Debug|iPhone.ActiveCfg = Debug|Any CPU
		{D21EAA19-8BA6-43E7-A0A8-33CAFF52A567}.Debug|iPhone.Build.0 = Debug|Any CPU
		{D21EAA19-8BA6-43E7-A0A8-33CAFF52A567}.Debug|iPhone.Deploy.0 = Debug|Any CPU
		{D21EAA19-8BA6-43E7-A0A8-33CAFF52A567}.Debug|iPhoneSimulator.ActiveCfg = Debug|Any CPU
		{D21EAA19-8BA6-43E7-A0A8-33CAFF52A567}.Debug|iPhoneSimulator.Build.0 = Debug|Any CPU
		{D21EAA19-8BA6-43E7-A0A8-33CAFF52A567}.Debug|iPhoneSimulator.Deploy.0 = Debug|Any CPU
		{D21EAA19-8BA6-43E7-A0A8-33CAFF52A567}.Debug|x64.ActiveCfg = Debug|Any CPU
		{D21EAA19-8BA6-43E7-A0A8-33CAFF52A567}.Debug|x64.Build.0 = Debug|Any CPU
		{D21EAA19-8BA6-43E7-A0A8-33CAFF52A567}.Debug|x64.Deploy.0 = Debug|Any CPU
		{D21EAA19-8BA6-43E7-A0A8-33CAFF52A567}.Debug|x86.ActiveCfg = Debug|Any CPU
		{D21EAA19-8BA6-43E7-A0A8-33CAFF52A567}.Debug|x86.Build.0 = Debug|Any CPU
		{D21EAA19-8BA6-43E7-A0A8-33CAFF52A567}.Debug|x86.Deploy.0 = Debug|Any CPU
		{D21EAA19-8BA6-43E7-A0A8-33CAFF52A567}.Release|Any CPU.ActiveCfg = Release|Any CPU
		{D21EAA19-8BA6-43E7-A0A8-33CAFF52A567}.Release|Any CPU.Build.0 = Release|Any CPU
		{D21EAA19-8BA6-43E7-A0A8-33CAFF52A567}.Release|Any CPU.Deploy.0 = Release|Any CPU
		{D21EAA19-8BA6-43E7-A0A8-33CAFF52A567}.Release|ARM.ActiveCfg = Release|Any CPU
		{D21EAA19-8BA6-43E7-A0A8-33CAFF52A567}.Release|ARM.Build.0 = Release|Any CPU
		{D21EAA19-8BA6-43E7-A0A8-33CAFF52A567}.Release|ARM.Deploy.0 = Release|Any CPU
		{D21EAA19-8BA6-43E7-A0A8-33CAFF52A567}.Release|iPhone.ActiveCfg = Release|Any CPU
		{D21EAA19-8BA6-43E7-A0A8-33CAFF52A567}.Release|iPhone.Build.0 = Release|Any CPU
		{D21EAA19-8BA6-43E7-A0A8-33CAFF52A567}.Release|iPhone.Deploy.0 = Release|Any CPU
		{D21EAA19-8BA6-43E7-A0A8-33CAFF52A567}.Release|iPhoneSimulator.ActiveCfg = Release|Any CPU
		{D21EAA19-8BA6-43E7-A0A8-33CAFF52A567}.Release|iPhoneSimulator.Build.0 = Release|Any CPU
		{D21EAA19-8BA6-43E7-A0A8-33CAFF52A567}.Release|iPhoneSimulator.Deploy.0 = Release|Any CPU
		{D21EAA19-8BA6-43E7-A0A8-33CAFF52A567}.Release|x64.ActiveCfg = Release|Any CPU
		{D21EAA19-8BA6-43E7-A0A8-33CAFF52A567}.Release|x64.Build.0 = Release|Any CPU
		{D21EAA19-8BA6-43E7-A0A8-33CAFF52A567}.Release|x64.Deploy.0 = Release|Any CPU
		{D21EAA19-8BA6-43E7-A0A8-33CAFF52A567}.Release|x86.ActiveCfg = Release|Any CPU
		{D21EAA19-8BA6-43E7-A0A8-33CAFF52A567}.Release|x86.Build.0 = Release|Any CPU
		{D21EAA19-8BA6-43E7-A0A8-33CAFF52A567}.Release|x86.Deploy.0 = Release|Any CPU
		{38B327D1-537D-48B8-8B19-6EF5DF626EC9}.Ad-Hoc|Any CPU.ActiveCfg = Ad-Hoc|iPhone
		{38B327D1-537D-48B8-8B19-6EF5DF626EC9}.Ad-Hoc|ARM.ActiveCfg = Ad-Hoc|iPhone
		{38B327D1-537D-48B8-8B19-6EF5DF626EC9}.Ad-Hoc|iPhone.ActiveCfg = Ad-Hoc|iPhone
		{38B327D1-537D-48B8-8B19-6EF5DF626EC9}.Ad-Hoc|iPhone.Build.0 = Ad-Hoc|iPhone
		{38B327D1-537D-48B8-8B19-6EF5DF626EC9}.Ad-Hoc|iPhoneSimulator.ActiveCfg = Ad-Hoc|iPhoneSimulator
		{38B327D1-537D-48B8-8B19-6EF5DF626EC9}.Ad-Hoc|iPhoneSimulator.Build.0 = Ad-Hoc|iPhoneSimulator
		{38B327D1-537D-48B8-8B19-6EF5DF626EC9}.Ad-Hoc|x64.ActiveCfg = Ad-Hoc|iPhone
		{38B327D1-537D-48B8-8B19-6EF5DF626EC9}.Ad-Hoc|x86.ActiveCfg = Ad-Hoc|iPhone
		{38B327D1-537D-48B8-8B19-6EF5DF626EC9}.AppStore|Any CPU.ActiveCfg = AppStore|iPhone
		{38B327D1-537D-48B8-8B19-6EF5DF626EC9}.AppStore|ARM.ActiveCfg = AppStore|iPhone
		{38B327D1-537D-48B8-8B19-6EF5DF626EC9}.AppStore|iPhone.ActiveCfg = AppStore|iPhone
		{38B327D1-537D-48B8-8B19-6EF5DF626EC9}.AppStore|iPhone.Build.0 = AppStore|iPhone
		{38B327D1-537D-48B8-8B19-6EF5DF626EC9}.AppStore|iPhoneSimulator.ActiveCfg = AppStore|iPhoneSimulator
		{38B327D1-537D-48B8-8B19-6EF5DF626EC9}.AppStore|iPhoneSimulator.Build.0 = AppStore|iPhoneSimulator
		{38B327D1-537D-48B8-8B19-6EF5DF626EC9}.AppStore|x64.ActiveCfg = AppStore|iPhone
		{38B327D1-537D-48B8-8B19-6EF5DF626EC9}.AppStore|x86.ActiveCfg = AppStore|iPhone
		{38B327D1-537D-48B8-8B19-6EF5DF626EC9}.Debug|Any CPU.ActiveCfg = Debug|iPhone
		{38B327D1-537D-48B8-8B19-6EF5DF626EC9}.Debug|ARM.ActiveCfg = Debug|iPhone
		{38B327D1-537D-48B8-8B19-6EF5DF626EC9}.Debug|iPhone.ActiveCfg = Debug|iPhone
		{38B327D1-537D-48B8-8B19-6EF5DF626EC9}.Debug|iPhone.Build.0 = Debug|iPhone
		{38B327D1-537D-48B8-8B19-6EF5DF626EC9}.Debug|iPhoneSimulator.ActiveCfg = Debug|iPhoneSimulator
		{38B327D1-537D-48B8-8B19-6EF5DF626EC9}.Debug|iPhoneSimulator.Build.0 = Debug|iPhoneSimulator
		{38B327D1-537D-48B8-8B19-6EF5DF626EC9}.Debug|x64.ActiveCfg = Debug|iPhone
		{38B327D1-537D-48B8-8B19-6EF5DF626EC9}.Debug|x86.ActiveCfg = Debug|iPhone
		{38B327D1-537D-48B8-8B19-6EF5DF626EC9}.Release|Any CPU.ActiveCfg = Release|iPhone
		{38B327D1-537D-48B8-8B19-6EF5DF626EC9}.Release|ARM.ActiveCfg = Release|iPhone
		{38B327D1-537D-48B8-8B19-6EF5DF626EC9}.Release|iPhone.ActiveCfg = Release|iPhone
		{38B327D1-537D-48B8-8B19-6EF5DF626EC9}.Release|iPhone.Build.0 = Release|iPhone
		{38B327D1-537D-48B8-8B19-6EF5DF626EC9}.Release|iPhoneSimulator.ActiveCfg = Release|iPhoneSimulator
		{38B327D1-537D-48B8-8B19-6EF5DF626EC9}.Release|iPhoneSimulator.Build.0 = Release|iPhoneSimulator
		{38B327D1-537D-48B8-8B19-6EF5DF626EC9}.Release|x64.ActiveCfg = Release|iPhone
		{38B327D1-537D-48B8-8B19-6EF5DF626EC9}.Release|x86.ActiveCfg = Release|iPhone
		{9AAAF32F-F6FB-41A0-B943-78D7C2B168C0}.Ad-Hoc|Any CPU.ActiveCfg = Release|Any CPU
		{9AAAF32F-F6FB-41A0-B943-78D7C2B168C0}.Ad-Hoc|Any CPU.Build.0 = Release|Any CPU
		{9AAAF32F-F6FB-41A0-B943-78D7C2B168C0}.Ad-Hoc|Any CPU.Deploy.0 = Release|Any CPU
		{9AAAF32F-F6FB-41A0-B943-78D7C2B168C0}.Ad-Hoc|ARM.ActiveCfg = Release|ARM
		{9AAAF32F-F6FB-41A0-B943-78D7C2B168C0}.Ad-Hoc|ARM.Build.0 = Release|ARM
		{9AAAF32F-F6FB-41A0-B943-78D7C2B168C0}.Ad-Hoc|ARM.Deploy.0 = Release|ARM
		{9AAAF32F-F6FB-41A0-B943-78D7C2B168C0}.Ad-Hoc|iPhone.ActiveCfg = Release|Any CPU
		{9AAAF32F-F6FB-41A0-B943-78D7C2B168C0}.Ad-Hoc|iPhone.Build.0 = Release|Any CPU
		{9AAAF32F-F6FB-41A0-B943-78D7C2B168C0}.Ad-Hoc|iPhone.Deploy.0 = Release|Any CPU
		{9AAAF32F-F6FB-41A0-B943-78D7C2B168C0}.Ad-Hoc|iPhoneSimulator.ActiveCfg = Release|Any CPU
		{9AAAF32F-F6FB-41A0-B943-78D7C2B168C0}.Ad-Hoc|iPhoneSimulator.Build.0 = Release|Any CPU
		{9AAAF32F-F6FB-41A0-B943-78D7C2B168C0}.Ad-Hoc|iPhoneSimulator.Deploy.0 = Release|Any CPU
		{9AAAF32F-F6FB-41A0-B943-78D7C2B168C0}.Ad-Hoc|x64.ActiveCfg = Release|Any CPU
		{9AAAF32F-F6FB-41A0-B943-78D7C2B168C0}.Ad-Hoc|x64.Build.0 = Release|Any CPU
		{9AAAF32F-F6FB-41A0-B943-78D7C2B168C0}.Ad-Hoc|x64.Deploy.0 = Release|Any CPU
		{9AAAF32F-F6FB-41A0-B943-78D7C2B168C0}.Ad-Hoc|x86.ActiveCfg = Release|x86
		{9AAAF32F-F6FB-41A0-B943-78D7C2B168C0}.Ad-Hoc|x86.Build.0 = Release|x86
		{9AAAF32F-F6FB-41A0-B943-78D7C2B168C0}.Ad-Hoc|x86.Deploy.0 = Release|x86
		{9AAAF32F-F6FB-41A0-B943-78D7C2B168C0}.AppStore|Any CPU.ActiveCfg = Release|Any CPU
		{9AAAF32F-F6FB-41A0-B943-78D7C2B168C0}.AppStore|Any CPU.Build.0 = Release|Any CPU
		{9AAAF32F-F6FB-41A0-B943-78D7C2B168C0}.AppStore|Any CPU.Deploy.0 = Release|Any CPU
		{9AAAF32F-F6FB-41A0-B943-78D7C2B168C0}.AppStore|ARM.ActiveCfg = Release|ARM
		{9AAAF32F-F6FB-41A0-B943-78D7C2B168C0}.AppStore|ARM.Build.0 = Release|ARM
		{9AAAF32F-F6FB-41A0-B943-78D7C2B168C0}.AppStore|ARM.Deploy.0 = Release|ARM
		{9AAAF32F-F6FB-41A0-B943-78D7C2B168C0}.AppStore|iPhone.ActiveCfg = Release|Any CPU
		{9AAAF32F-F6FB-41A0-B943-78D7C2B168C0}.AppStore|iPhone.Build.0 = Release|Any CPU
		{9AAAF32F-F6FB-41A0-B943-78D7C2B168C0}.AppStore|iPhone.Deploy.0 = Release|Any CPU
		{9AAAF32F-F6FB-41A0-B943-78D7C2B168C0}.AppStore|iPhoneSimulator.ActiveCfg = Release|Any CPU
		{9AAAF32F-F6FB-41A0-B943-78D7C2B168C0}.AppStore|iPhoneSimulator.Build.0 = Release|Any CPU
		{9AAAF32F-F6FB-41A0-B943-78D7C2B168C0}.AppStore|iPhoneSimulator.Deploy.0 = Release|Any CPU
		{9AAAF32F-F6FB-41A0-B943-78D7C2B168C0}.AppStore|x64.ActiveCfg = Release|Any CPU
		{9AAAF32F-F6FB-41A0-B943-78D7C2B168C0}.AppStore|x64.Build.0 = Release|Any CPU
		{9AAAF32F-F6FB-41A0-B943-78D7C2B168C0}.AppStore|x64.Deploy.0 = Release|Any CPU
		{9AAAF32F-F6FB-41A0-B943-78D7C2B168C0}.AppStore|x86.ActiveCfg = Release|x86
		{9AAAF32F-F6FB-41A0-B943-78D7C2B168C0}.AppStore|x86.Build.0 = Release|x86
		{9AAAF32F-F6FB-41A0-B943-78D7C2B168C0}.AppStore|x86.Deploy.0 = Release|x86
		{9AAAF32F-F6FB-41A0-B943-78D7C2B168C0}.Debug|Any CPU.ActiveCfg = Debug|Any CPU
		{9AAAF32F-F6FB-41A0-B943-78D7C2B168C0}.Debug|Any CPU.Build.0 = Debug|Any CPU
		{9AAAF32F-F6FB-41A0-B943-78D7C2B168C0}.Debug|Any CPU.Deploy.0 = Debug|Any CPU
		{9AAAF32F-F6FB-41A0-B943-78D7C2B168C0}.Debug|ARM.ActiveCfg = Debug|ARM
		{9AAAF32F-F6FB-41A0-B943-78D7C2B168C0}.Debug|ARM.Build.0 = Debug|ARM
		{9AAAF32F-F6FB-41A0-B943-78D7C2B168C0}.Debug|ARM.Deploy.0 = Debug|ARM
		{9AAAF32F-F6FB-41A0-B943-78D7C2B168C0}.Debug|iPhone.ActiveCfg = Debug|Any CPU
		{9AAAF32F-F6FB-41A0-B943-78D7C2B168C0}.Debug|iPhone.Build.0 = Debug|Any CPU
		{9AAAF32F-F6FB-41A0-B943-78D7C2B168C0}.Debug|iPhone.Deploy.0 = Debug|Any CPU
		{9AAAF32F-F6FB-41A0-B943-78D7C2B168C0}.Debug|iPhoneSimulator.ActiveCfg = Debug|Any CPU
		{9AAAF32F-F6FB-41A0-B943-78D7C2B168C0}.Debug|iPhoneSimulator.Build.0 = Debug|Any CPU
		{9AAAF32F-F6FB-41A0-B943-78D7C2B168C0}.Debug|iPhoneSimulator.Deploy.0 = Debug|Any CPU
		{9AAAF32F-F6FB-41A0-B943-78D7C2B168C0}.Debug|x64.ActiveCfg = Debug|Any CPU
		{9AAAF32F-F6FB-41A0-B943-78D7C2B168C0}.Debug|x64.Build.0 = Debug|Any CPU
		{9AAAF32F-F6FB-41A0-B943-78D7C2B168C0}.Debug|x64.Deploy.0 = Debug|Any CPU
		{9AAAF32F-F6FB-41A0-B943-78D7C2B168C0}.Debug|x86.ActiveCfg = Debug|x86
		{9AAAF32F-F6FB-41A0-B943-78D7C2B168C0}.Debug|x86.Build.0 = Debug|x86
		{9AAAF32F-F6FB-41A0-B943-78D7C2B168C0}.Debug|x86.Deploy.0 = Debug|x86
		{9AAAF32F-F6FB-41A0-B943-78D7C2B168C0}.Release|Any CPU.ActiveCfg = Release|Any CPU
		{9AAAF32F-F6FB-41A0-B943-78D7C2B168C0}.Release|Any CPU.Build.0 = Release|Any CPU
		{9AAAF32F-F6FB-41A0-B943-78D7C2B168C0}.Release|Any CPU.Deploy.0 = Release|Any CPU
		{9AAAF32F-F6FB-41A0-B943-78D7C2B168C0}.Release|ARM.ActiveCfg = Release|ARM
		{9AAAF32F-F6FB-41A0-B943-78D7C2B168C0}.Release|ARM.Build.0 = Release|ARM
		{9AAAF32F-F6FB-41A0-B943-78D7C2B168C0}.Release|ARM.Deploy.0 = Release|ARM
		{9AAAF32F-F6FB-41A0-B943-78D7C2B168C0}.Release|iPhone.ActiveCfg = Release|Any CPU
		{9AAAF32F-F6FB-41A0-B943-78D7C2B168C0}.Release|iPhone.Build.0 = Release|Any CPU
		{9AAAF32F-F6FB-41A0-B943-78D7C2B168C0}.Release|iPhone.Deploy.0 = Release|Any CPU
		{9AAAF32F-F6FB-41A0-B943-78D7C2B168C0}.Release|iPhoneSimulator.ActiveCfg = Release|Any CPU
		{9AAAF32F-F6FB-41A0-B943-78D7C2B168C0}.Release|iPhoneSimulator.Build.0 = Release|Any CPU
		{9AAAF32F-F6FB-41A0-B943-78D7C2B168C0}.Release|iPhoneSimulator.Deploy.0 = Release|Any CPU
		{9AAAF32F-F6FB-41A0-B943-78D7C2B168C0}.Release|x64.ActiveCfg = Release|Any CPU
		{9AAAF32F-F6FB-41A0-B943-78D7C2B168C0}.Release|x64.Build.0 = Release|Any CPU
		{9AAAF32F-F6FB-41A0-B943-78D7C2B168C0}.Release|x64.Deploy.0 = Release|Any CPU
		{9AAAF32F-F6FB-41A0-B943-78D7C2B168C0}.Release|x86.ActiveCfg = Release|x86
		{9AAAF32F-F6FB-41A0-B943-78D7C2B168C0}.Release|x86.Build.0 = Release|x86
		{9AAAF32F-F6FB-41A0-B943-78D7C2B168C0}.Release|x86.Deploy.0 = Release|x86
		{AD24A8CB-2EEE-4814-BE27-76F02DAA5053}.Ad-Hoc|Any CPU.ActiveCfg = Release|x86
		{AD24A8CB-2EEE-4814-BE27-76F02DAA5053}.Ad-Hoc|Any CPU.Build.0 = Release|x86
		{AD24A8CB-2EEE-4814-BE27-76F02DAA5053}.Ad-Hoc|Any CPU.Deploy.0 = Release|x86
		{AD24A8CB-2EEE-4814-BE27-76F02DAA5053}.Ad-Hoc|ARM.ActiveCfg = Release|ARM
		{AD24A8CB-2EEE-4814-BE27-76F02DAA5053}.Ad-Hoc|ARM.Build.0 = Release|ARM
		{AD24A8CB-2EEE-4814-BE27-76F02DAA5053}.Ad-Hoc|ARM.Deploy.0 = Release|ARM
		{AD24A8CB-2EEE-4814-BE27-76F02DAA5053}.Ad-Hoc|iPhone.ActiveCfg = Release|x86
		{AD24A8CB-2EEE-4814-BE27-76F02DAA5053}.Ad-Hoc|iPhone.Build.0 = Release|x86
		{AD24A8CB-2EEE-4814-BE27-76F02DAA5053}.Ad-Hoc|iPhone.Deploy.0 = Release|x86
		{AD24A8CB-2EEE-4814-BE27-76F02DAA5053}.Ad-Hoc|iPhoneSimulator.ActiveCfg = Release|x86
		{AD24A8CB-2EEE-4814-BE27-76F02DAA5053}.Ad-Hoc|iPhoneSimulator.Build.0 = Release|x86
		{AD24A8CB-2EEE-4814-BE27-76F02DAA5053}.Ad-Hoc|iPhoneSimulator.Deploy.0 = Release|x86
		{AD24A8CB-2EEE-4814-BE27-76F02DAA5053}.Ad-Hoc|x64.ActiveCfg = Release|x64
		{AD24A8CB-2EEE-4814-BE27-76F02DAA5053}.Ad-Hoc|x64.Build.0 = Release|x64
		{AD24A8CB-2EEE-4814-BE27-76F02DAA5053}.Ad-Hoc|x64.Deploy.0 = Release|x64
		{AD24A8CB-2EEE-4814-BE27-76F02DAA5053}.Ad-Hoc|x86.ActiveCfg = Release|x86
		{AD24A8CB-2EEE-4814-BE27-76F02DAA5053}.Ad-Hoc|x86.Build.0 = Release|x86
		{AD24A8CB-2EEE-4814-BE27-76F02DAA5053}.Ad-Hoc|x86.Deploy.0 = Release|x86
		{AD24A8CB-2EEE-4814-BE27-76F02DAA5053}.AppStore|Any CPU.ActiveCfg = Release|x86
		{AD24A8CB-2EEE-4814-BE27-76F02DAA5053}.AppStore|Any CPU.Build.0 = Release|x86
		{AD24A8CB-2EEE-4814-BE27-76F02DAA5053}.AppStore|Any CPU.Deploy.0 = Release|x86
		{AD24A8CB-2EEE-4814-BE27-76F02DAA5053}.AppStore|ARM.ActiveCfg = Release|ARM
		{AD24A8CB-2EEE-4814-BE27-76F02DAA5053}.AppStore|ARM.Build.0 = Release|ARM
		{AD24A8CB-2EEE-4814-BE27-76F02DAA5053}.AppStore|ARM.Deploy.0 = Release|ARM
		{AD24A8CB-2EEE-4814-BE27-76F02DAA5053}.AppStore|iPhone.ActiveCfg = Release|x86
		{AD24A8CB-2EEE-4814-BE27-76F02DAA5053}.AppStore|iPhone.Build.0 = Release|x86
		{AD24A8CB-2EEE-4814-BE27-76F02DAA5053}.AppStore|iPhone.Deploy.0 = Release|x86
		{AD24A8CB-2EEE-4814-BE27-76F02DAA5053}.AppStore|iPhoneSimulator.ActiveCfg = Release|x86
		{AD24A8CB-2EEE-4814-BE27-76F02DAA5053}.AppStore|iPhoneSimulator.Build.0 = Release|x86
		{AD24A8CB-2EEE-4814-BE27-76F02DAA5053}.AppStore|iPhoneSimulator.Deploy.0 = Release|x86
		{AD24A8CB-2EEE-4814-BE27-76F02DAA5053}.AppStore|x64.ActiveCfg = Release|x64
		{AD24A8CB-2EEE-4814-BE27-76F02DAA5053}.AppStore|x64.Build.0 = Release|x64
		{AD24A8CB-2EEE-4814-BE27-76F02DAA5053}.AppStore|x64.Deploy.0 = Release|x64
		{AD24A8CB-2EEE-4814-BE27-76F02DAA5053}.AppStore|x86.ActiveCfg = Release|x86
		{AD24A8CB-2EEE-4814-BE27-76F02DAA5053}.AppStore|x86.Build.0 = Release|x86
		{AD24A8CB-2EEE-4814-BE27-76F02DAA5053}.AppStore|x86.Deploy.0 = Release|x86
		{AD24A8CB-2EEE-4814-BE27-76F02DAA5053}.Debug|Any CPU.ActiveCfg = Debug|x86
		{AD24A8CB-2EEE-4814-BE27-76F02DAA5053}.Debug|ARM.ActiveCfg = Debug|ARM
		{AD24A8CB-2EEE-4814-BE27-76F02DAA5053}.Debug|ARM.Build.0 = Debug|ARM
		{AD24A8CB-2EEE-4814-BE27-76F02DAA5053}.Debug|ARM.Deploy.0 = Debug|ARM
		{AD24A8CB-2EEE-4814-BE27-76F02DAA5053}.Debug|iPhone.ActiveCfg = Debug|x86
		{AD24A8CB-2EEE-4814-BE27-76F02DAA5053}.Debug|iPhoneSimulator.ActiveCfg = Debug|x86
		{AD24A8CB-2EEE-4814-BE27-76F02DAA5053}.Debug|x64.ActiveCfg = Debug|x64
		{AD24A8CB-2EEE-4814-BE27-76F02DAA5053}.Debug|x64.Build.0 = Debug|x64
		{AD24A8CB-2EEE-4814-BE27-76F02DAA5053}.Debug|x64.Deploy.0 = Debug|x64
		{AD24A8CB-2EEE-4814-BE27-76F02DAA5053}.Debug|x86.ActiveCfg = Debug|x86
		{AD24A8CB-2EEE-4814-BE27-76F02DAA5053}.Debug|x86.Build.0 = Debug|x86
		{AD24A8CB-2EEE-4814-BE27-76F02DAA5053}.Debug|x86.Deploy.0 = Debug|x86
		{AD24A8CB-2EEE-4814-BE27-76F02DAA5053}.Release|Any CPU.ActiveCfg = Release|x86
		{AD24A8CB-2EEE-4814-BE27-76F02DAA5053}.Release|ARM.ActiveCfg = Release|ARM
		{AD24A8CB-2EEE-4814-BE27-76F02DAA5053}.Release|ARM.Build.0 = Release|ARM
		{AD24A8CB-2EEE-4814-BE27-76F02DAA5053}.Release|ARM.Deploy.0 = Release|ARM
		{AD24A8CB-2EEE-4814-BE27-76F02DAA5053}.Release|iPhone.ActiveCfg = Release|x86
		{AD24A8CB-2EEE-4814-BE27-76F02DAA5053}.Release|iPhoneSimulator.ActiveCfg = Release|x86
		{AD24A8CB-2EEE-4814-BE27-76F02DAA5053}.Release|x64.ActiveCfg = Release|x64
		{AD24A8CB-2EEE-4814-BE27-76F02DAA5053}.Release|x64.Build.0 = Release|x64
		{AD24A8CB-2EEE-4814-BE27-76F02DAA5053}.Release|x64.Deploy.0 = Release|x64
		{AD24A8CB-2EEE-4814-BE27-76F02DAA5053}.Release|x86.ActiveCfg = Release|x86
		{AD24A8CB-2EEE-4814-BE27-76F02DAA5053}.Release|x86.Build.0 = Release|x86
		{AD24A8CB-2EEE-4814-BE27-76F02DAA5053}.Release|x86.Deploy.0 = Release|x86
		{3F674F65-76BF-410A-9292-402CEFF10351}.Ad-Hoc|Any CPU.ActiveCfg = Release|Any CPU
		{3F674F65-76BF-410A-9292-402CEFF10351}.Ad-Hoc|Any CPU.Build.0 = Release|Any CPU
		{3F674F65-76BF-410A-9292-402CEFF10351}.Ad-Hoc|Any CPU.Deploy.0 = Release|Any CPU
		{3F674F65-76BF-410A-9292-402CEFF10351}.Ad-Hoc|ARM.ActiveCfg = Release|ARM
		{3F674F65-76BF-410A-9292-402CEFF10351}.Ad-Hoc|ARM.Build.0 = Release|ARM
		{3F674F65-76BF-410A-9292-402CEFF10351}.Ad-Hoc|ARM.Deploy.0 = Release|ARM
		{3F674F65-76BF-410A-9292-402CEFF10351}.Ad-Hoc|iPhone.ActiveCfg = Release|Any CPU
		{3F674F65-76BF-410A-9292-402CEFF10351}.Ad-Hoc|iPhone.Build.0 = Release|Any CPU
		{3F674F65-76BF-410A-9292-402CEFF10351}.Ad-Hoc|iPhone.Deploy.0 = Release|Any CPU
		{3F674F65-76BF-410A-9292-402CEFF10351}.Ad-Hoc|iPhoneSimulator.ActiveCfg = Release|Any CPU
		{3F674F65-76BF-410A-9292-402CEFF10351}.Ad-Hoc|iPhoneSimulator.Build.0 = Release|Any CPU
		{3F674F65-76BF-410A-9292-402CEFF10351}.Ad-Hoc|iPhoneSimulator.Deploy.0 = Release|Any CPU
		{3F674F65-76BF-410A-9292-402CEFF10351}.Ad-Hoc|x64.ActiveCfg = Release|x64
		{3F674F65-76BF-410A-9292-402CEFF10351}.Ad-Hoc|x64.Build.0 = Release|x64
		{3F674F65-76BF-410A-9292-402CEFF10351}.Ad-Hoc|x64.Deploy.0 = Release|x64
		{3F674F65-76BF-410A-9292-402CEFF10351}.Ad-Hoc|x86.ActiveCfg = Release|x86
		{3F674F65-76BF-410A-9292-402CEFF10351}.Ad-Hoc|x86.Build.0 = Release|x86
		{3F674F65-76BF-410A-9292-402CEFF10351}.Ad-Hoc|x86.Deploy.0 = Release|x86
		{3F674F65-76BF-410A-9292-402CEFF10351}.AppStore|Any CPU.ActiveCfg = Release|Any CPU
		{3F674F65-76BF-410A-9292-402CEFF10351}.AppStore|Any CPU.Build.0 = Release|Any CPU
		{3F674F65-76BF-410A-9292-402CEFF10351}.AppStore|Any CPU.Deploy.0 = Release|Any CPU
		{3F674F65-76BF-410A-9292-402CEFF10351}.AppStore|ARM.ActiveCfg = Release|ARM
		{3F674F65-76BF-410A-9292-402CEFF10351}.AppStore|ARM.Build.0 = Release|ARM
		{3F674F65-76BF-410A-9292-402CEFF10351}.AppStore|ARM.Deploy.0 = Release|ARM
		{3F674F65-76BF-410A-9292-402CEFF10351}.AppStore|iPhone.ActiveCfg = Release|Any CPU
		{3F674F65-76BF-410A-9292-402CEFF10351}.AppStore|iPhone.Build.0 = Release|Any CPU
		{3F674F65-76BF-410A-9292-402CEFF10351}.AppStore|iPhone.Deploy.0 = Release|Any CPU
		{3F674F65-76BF-410A-9292-402CEFF10351}.AppStore|iPhoneSimulator.ActiveCfg = Release|Any CPU
		{3F674F65-76BF-410A-9292-402CEFF10351}.AppStore|iPhoneSimulator.Build.0 = Release|Any CPU
		{3F674F65-76BF-410A-9292-402CEFF10351}.AppStore|iPhoneSimulator.Deploy.0 = Release|Any CPU
		{3F674F65-76BF-410A-9292-402CEFF10351}.AppStore|x64.ActiveCfg = Release|x64
		{3F674F65-76BF-410A-9292-402CEFF10351}.AppStore|x64.Build.0 = Release|x64
		{3F674F65-76BF-410A-9292-402CEFF10351}.AppStore|x64.Deploy.0 = Release|x64
		{3F674F65-76BF-410A-9292-402CEFF10351}.AppStore|x86.ActiveCfg = Release|x86
		{3F674F65-76BF-410A-9292-402CEFF10351}.AppStore|x86.Build.0 = Release|x86
		{3F674F65-76BF-410A-9292-402CEFF10351}.AppStore|x86.Deploy.0 = Release|x86
		{3F674F65-76BF-410A-9292-402CEFF10351}.Debug|Any CPU.ActiveCfg = Debug|Any CPU
		{3F674F65-76BF-410A-9292-402CEFF10351}.Debug|Any CPU.Build.0 = Debug|Any CPU
		{3F674F65-76BF-410A-9292-402CEFF10351}.Debug|Any CPU.Deploy.0 = Debug|Any CPU
		{3F674F65-76BF-410A-9292-402CEFF10351}.Debug|ARM.ActiveCfg = Debug|ARM
		{3F674F65-76BF-410A-9292-402CEFF10351}.Debug|ARM.Build.0 = Debug|ARM
		{3F674F65-76BF-410A-9292-402CEFF10351}.Debug|ARM.Deploy.0 = Debug|ARM
		{3F674F65-76BF-410A-9292-402CEFF10351}.Debug|iPhone.ActiveCfg = Debug|Any CPU
		{3F674F65-76BF-410A-9292-402CEFF10351}.Debug|iPhone.Build.0 = Debug|Any CPU
		{3F674F65-76BF-410A-9292-402CEFF10351}.Debug|iPhone.Deploy.0 = Debug|Any CPU
		{3F674F65-76BF-410A-9292-402CEFF10351}.Debug|iPhoneSimulator.ActiveCfg = Debug|Any CPU
		{3F674F65-76BF-410A-9292-402CEFF10351}.Debug|iPhoneSimulator.Build.0 = Debug|Any CPU
		{3F674F65-76BF-410A-9292-402CEFF10351}.Debug|iPhoneSimulator.Deploy.0 = Debug|Any CPU
		{3F674F65-76BF-410A-9292-402CEFF10351}.Debug|x64.ActiveCfg = Debug|x64
		{3F674F65-76BF-410A-9292-402CEFF10351}.Debug|x64.Build.0 = Debug|x64
		{3F674F65-76BF-410A-9292-402CEFF10351}.Debug|x64.Deploy.0 = Debug|x64
		{3F674F65-76BF-410A-9292-402CEFF10351}.Debug|x86.ActiveCfg = Debug|x86
		{3F674F65-76BF-410A-9292-402CEFF10351}.Debug|x86.Build.0 = Debug|x86
		{3F674F65-76BF-410A-9292-402CEFF10351}.Debug|x86.Deploy.0 = Debug|x86
		{3F674F65-76BF-410A-9292-402CEFF10351}.Release|Any CPU.ActiveCfg = Release|Any CPU
		{3F674F65-76BF-410A-9292-402CEFF10351}.Release|Any CPU.Build.0 = Release|Any CPU
		{3F674F65-76BF-410A-9292-402CEFF10351}.Release|Any CPU.Deploy.0 = Release|Any CPU
		{3F674F65-76BF-410A-9292-402CEFF10351}.Release|ARM.ActiveCfg = Release|ARM
		{3F674F65-76BF-410A-9292-402CEFF10351}.Release|ARM.Build.0 = Release|ARM
		{3F674F65-76BF-410A-9292-402CEFF10351}.Release|ARM.Deploy.0 = Release|ARM
		{3F674F65-76BF-410A-9292-402CEFF10351}.Release|iPhone.ActiveCfg = Release|Any CPU
		{3F674F65-76BF-410A-9292-402CEFF10351}.Release|iPhone.Build.0 = Release|Any CPU
		{3F674F65-76BF-410A-9292-402CEFF10351}.Release|iPhone.Deploy.0 = Release|Any CPU
		{3F674F65-76BF-410A-9292-402CEFF10351}.Release|iPhoneSimulator.ActiveCfg = Release|Any CPU
		{3F674F65-76BF-410A-9292-402CEFF10351}.Release|iPhoneSimulator.Build.0 = Release|Any CPU
		{3F674F65-76BF-410A-9292-402CEFF10351}.Release|iPhoneSimulator.Deploy.0 = Release|Any CPU
		{3F674F65-76BF-410A-9292-402CEFF10351}.Release|x64.ActiveCfg = Release|x64
		{3F674F65-76BF-410A-9292-402CEFF10351}.Release|x64.Build.0 = Release|x64
		{3F674F65-76BF-410A-9292-402CEFF10351}.Release|x64.Deploy.0 = Release|x64
		{3F674F65-76BF-410A-9292-402CEFF10351}.Release|x86.ActiveCfg = Release|x86
		{3F674F65-76BF-410A-9292-402CEFF10351}.Release|x86.Build.0 = Release|x86
		{3F674F65-76BF-410A-9292-402CEFF10351}.Release|x86.Deploy.0 = Release|x86
	EndGlobalSection
	GlobalSection(SolutionProperties) = preSolution
		HideSolutionNode = FALSE
	EndGlobalSection
EndGlobal
